
Microsoft Visual Studio Solution File, Format Version 12.00
# Visual Studio Version 17
VisualStudioVersion = 17.3.32901.215
MinimumVisualStudioVersion = 10.0.40219.1
Project("{FAE04EC0-301F-11D3-BF4B-00C04F79EFBC}") = "App01", "App01.csproj", "{3A7F2E7B-A765-474A-B341-18C566A49CBD}"
EndProject
Global
	GlobalSection(SolutionConfigurationPlatforms) = preSolution
		Debug|Any CPU = Debug|Any CPU
		Release|Any CPU = Release|Any CPU
	EndGlobalSection
	GlobalSection(ProjectConfigurationPlatforms) = postSolution
		{3A7F2E7B-A765-474A-B341-18C566A49CBD}.Debug|Any CPU.ActiveCfg = Debug|Any CPU
		{3A7F2E7B-A765-474A-B341-18C566A49CBD}.Debug|Any CPU.Build.0 = Debug|Any CPU
		{3A7F2E7B-A765-474A-B341-18C566A49CBD}.Release|Any CPU.ActiveCfg = Release|Any CPU
		{3A7F2E7B-A765-474A-B341-18C566A49CBD}.Release|Any CPU.Build.0 = Release|Any CPU
	EndGlobalSection
	GlobalSection(SolutionProperties) = preSolution
		HideSolutionNode = FALSE
	EndGlobalSection
	GlobalSection(ExtensibilityGlobals) = postSolution
		SolutionGuid = {178E9EB7-818F-4D29-B643-EF6403BED604}
	EndGlobalSection
EndGlobal
